
Microsoft Visual Studio Solution File, Format Version 12.00
# Visual Studio Version 17
VisualStudioVersion = 17.4.33403.182
MinimumVisualStudioVersion = 10.0.40219.1
Project("{FAE04EC0-301F-11D3-BF4B-00C04F79EFBC}") = "SampleProject", "SampleProject\SampleProject.csproj", "{134C80E8-11D4-43DA-810B-D309EE986248}"
EndProject
Global
	GlobalSection(SolutionConfigurationPlatforms) = preSolution
		Debug|Any CPU = Debug|Any CPU
		Release|Any CPU = Release|Any CPU
	EndGlobalSection
	GlobalSection(ProjectConfigurationPlatforms) = postSolution
		{134C80E8-11D4-43DA-810B-D309EE986248}.Debug|Any CPU.ActiveCfg = Debug|Any CPU
		{134C80E8-11D4-43DA-810B-D309EE986248}.Debug|Any CPU.Build.0 = Debug|Any CPU
		{134C80E8-11D4-43DA-810B-D309EE986248}.Release|Any CPU.ActiveCfg = Release|Any CPU
		{134C80E8-11D4-43DA-810B-D309EE986248}.Release|Any CPU.Build.0 = Release|Any CPU
	EndGlobalSection
	GlobalSection(SolutionProperties) = preSolution
		HideSolutionNode = FALSE
	EndGlobalSection
	GlobalSection(ExtensibilityGlobals) = postSolution
		SolutionGuid = {DB37E713-B4FE-4487-BB42-A8B35378E4DE}
	EndGlobalSection
EndGlobal
